state_version: "0.0.7"
repositories:
  specification:
    repository: fruwehq/determa-state-spec
    tag: v0.0.7
    commit: 09c717a40c75b99612e54d764b5f1bdfa4b94f96
    checkout: determa-state-spec
  conformance:
    repository: fruwehq/determa-state-conformance
    tag: v0.0.7
    commit: 74e477087fd31561600aacf652cccae571a5ea9a
    checkout: determa-state-conformance
  python:
    repository: fruwehq/determa-state-python
    tag: v0.0.7
    commit: 4958ac8dd514bce43d3e7ed70dbbbb7164fc713b
    checkout: determa-state-python
  rust:
    repository: fruwehq/determa-state-rust
    tag: v0.0.7
    commit: c026dc0d6bd82138c1e5042d90252f78a7dea6bf
    checkout: determa-state-rust
