state_version: "0.3.0"
lifecycle: candidate
repositories:
  specification:
    repository: fruwehq/determa-state-spec
    commit: 86bb88dd21cb1f799eefe5020b6e49dabf6e7225
    checkout: determa-state-spec
  conformance:
    repository: fruwehq/determa-state-conformance
    commit: affe3fe3bcc4d13fa7c5374471568e94af36f0d1
    checkout: determa-state-conformance
  python:
    repository: fruwehq/determa-state-python
    commit: 61fd77ed2e73365e80739d6d99c50c54fc6f0da6
    checkout: determa-state-python
  rust:
    repository: fruwehq/determa-state-rust
    commit: efaed0a21409f75ed55f159a6f8c833f3b62e88c
    checkout: determa-state-rust
